
Microsoft Visual Studio Solution File, Format Version 12.00
# Visual Studio Version 17
VisualStudioVersion = 17.9.34310.174
MinimumVisualStudioVersion = 10.0.40219.1
Project("{8BC9CEB8-8B4A-11D0-8D11-00A0C91BC942}") = "Exercise_01", "Exercises.vcxproj", "{84BA009B-9438-4966-9D3F-6ECBD08896F3}"
EndProject
Project("{8BC9CEB8-8B4A-11D0-8D11-00A0C91BC942}") = "Exercise_02", "Exercise_02\Exercise_02.vcxproj", "{FDB8899F-F02D-45B7-B9C3-191AE0CF4702}"
EndProject
Project("{8BC9CEB8-8B4A-11D0-8D11-00A0C91BC942}") = "Exercise_03", "Exercise_03\Exercise_03.vcxproj", "{2D32E9B5-4CE9-4F9A-994D-5E2241E28397}"
EndProject
Project("{8BC9CEB8-8B4A-11D0-8D11-00A0C91BC942}") = "Exercise_04", "Exercise_04\Exercise_04.vcxproj", "{202A5521-6046-4864-B0B5-9C710DDAF379}"
EndProject
Project("{8BC9CEB8-8B4A-11D0-8D11-00A0C91BC942}") = "Exercise_05", "Exercise_05\Exercise_05.vcxproj", "{FFC1079F-5E69-42D7-8367-DD27E9DBA235}"
EndProject
Global
	GlobalSection(SolutionConfigurationPlatforms) = preSolution
		Debug|x64 = Debug|x64
		Debug|x86 = Debug|x86
		Release|x64 = Release|x64
		Release|x86 = Release|x86
	EndGlobalSection
	GlobalSection(ProjectConfigurationPlatforms) = postSolution
		{84BA009B-9438-4966-9D3F-6ECBD08896F3}.Debug|x64.ActiveCfg = Debug|x64
		{84BA009B-9438-4966-9D3F-6ECBD08896F3}.Debug|x64.Build.0 = Debug|x64
		{84BA009B-9438-4966-9D3F-6ECBD08896F3}.Debug|x86.ActiveCfg = Debug|Win32
		{84BA009B-9438-4966-9D3F-6ECBD08896F3}.Debug|x86.Build.0 = Debug|Win32
		{84BA009B-9438-4966-9D3F-6ECBD08896F3}.Release|x64.ActiveCfg = Release|x64
		{84BA009B-9438-4966-9D3F-6ECBD08896F3}.Release|x64.Build.0 = Release|x64
		{84BA009B-9438-4966-9D3F-6ECBD08896F3}.Release|x86.ActiveCfg = Release|Win32
		{84BA009B-9438-4966-9D3F-6ECBD08896F3}.Release|x86.Build.0 = Release|Win32
		{FDB8899F-F02D-45B7-B9C3-191AE0CF4702}.Debug|x64.ActiveCfg = Debug|x64
		{FDB8899F-F02D-45B7-B9C3-191AE0CF4702}.Debug|x64.Build.0 = Debug|x64
		{FDB8899F-F02D-45B7-B9C3-191AE0CF4702}.Debug|x86.ActiveCfg = Debug|Win32
		{FDB8899F-F02D-45B7-B9C3-191AE0CF4702}.Debug|x86.Build.0 = Debug|Win32
		{FDB8899F-F02D-45B7-B9C3-191AE0CF4702}.Release|x64.ActiveCfg = Release|x64
		{FDB8899F-F02D-45B7-B9C3-191AE0CF4702}.Release|x64.Build.0 = Release|x64
		{FDB8899F-F02D-45B7-B9C3-191AE0CF4702}.Release|x86.ActiveCfg = Release|Win32
		{FDB8899F-F02D-45B7-B9C3-191AE0CF4702}.Release|x86.Build.0 = Release|Win32
		{2D32E9B5-4CE9-4F9A-994D-5E2241E28397}.Debug|x64.ActiveCfg = Debug|x64
		{2D32E9B5-4CE9-4F9A-994D-5E2241E28397}.Debug|x64.Build.0 = Debug|x64
		{2D32E9B5-4CE9-4F9A-994D-5E2241E28397}.Debug|x86.ActiveCfg = Debug|Win32
		{2D32E9B5-4CE9-4F9A-994D-5E2241E28397}.Debug|x86.Build.0 = Debug|Win32
		{2D32E9B5-4CE9-4F9A-994D-5E2241E28397}.Release|x64.ActiveCfg = Release|x64
		{2D32E9B5-4CE9-4F9A-994D-5E2241E28397}.Release|x64.Build.0 = Release|x64
		{2D32E9B5-4CE9-4F9A-994D-5E2241E28397}.Release|x86.ActiveCfg = Release|Win32
		{2D32E9B5-4CE9-4F9A-994D-5E2241E28397}.Release|x86.Build.0 = Release|Win32
		{202A5521-6046-4864-B0B5-9C710DDAF379}.Debug|x64.ActiveCfg = Debug|x64
		{202A5521-6046-4864-B0B5-9C710DDAF379}.Debug|x64.Build.0 = Debug|x64
		{202A5521-6046-4864-B0B5-9C710DDAF379}.Debug|x86.ActiveCfg = Debug|Win32
		{202A5521-6046-4864-B0B5-9C710DDAF379}.Debug|x86.Build.0 = Debug|Win32
		{202A5521-6046-4864-B0B5-9C710DDAF379}.Release|x64.ActiveCfg = Release|x64
		{202A5521-6046-4864-B0B5-9C710DDAF379}.Release|x64.Build.0 = Release|x64
		{202A5521-6046-4864-B0B5-9C710DDAF379}.Release|x86.ActiveCfg = Release|Win32
		{202A5521-6046-4864-B0B5-9C710DDAF379}.Release|x86.Build.0 = Release|Win32
		{FFC1079F-5E69-42D7-8367-DD27E9DBA235}.Debug|x64.ActiveCfg = Debug|x64
		{FFC1079F-5E69-42D7-8367-DD27E9DBA235}.Debug|x64.Build.0 = Debug|x64
		{FFC1079F-5E69-42D7-8367-DD27E9DBA235}.Debug|x86.ActiveCfg = Debug|Win32
		{FFC1079F-5E69-42D7-8367-DD27E9DBA235}.Debug|x86.Build.0 = Debug|Win32
		{FFC1079F-5E69-42D7-8367-DD27E9DBA235}.Release|x64.ActiveCfg = Release|x64
		{FFC1079F-5E69-42D7-8367-DD27E9DBA235}.Release|x64.Build.0 = Release|x64
		{FFC1079F-5E69-42D7-8367-DD27E9DBA235}.Release|x86.ActiveCfg = Release|Win32
		{FFC1079F-5E69-42D7-8367-DD27E9DBA235}.Release|x86.Build.0 = Release|Win32
	EndGlobalSection
	GlobalSection(SolutionProperties) = preSolution
		HideSolutionNode = FALSE
	EndGlobalSection
	GlobalSection(ExtensibilityGlobals) = postSolution
		SolutionGuid = {95FD0245-7DD6-4289-B821-7D2F9DDFF606}
	EndGlobalSection
EndGlobal
